
Microsoft Visual Studio Solution File, Format Version 12.00
# Visual Studio Version 16
VisualStudioVersion = 16.0.30804.86
MinimumVisualStudioVersion = 10.0.40219.1
Project("{8BC9CEB8-8B4A-11D0-8D11-00A0C91BC942}") = "12-8", "12-8\12-8.vcxproj", "{5EBC1CA4-962D-4C23-9347-1C301A0FF752}"
EndProject
Global
	GlobalSection(SolutionConfigurationPlatforms) = preSolution
		Debug|x64 = Debug|x64
		Debug|x86 = Debug|x86
		Release|x64 = Release|x64
		Release|x86 = Release|x86
	EndGlobalSection
	GlobalSection(ProjectConfigurationPlatforms) = postSolution
		{5EBC1CA4-962D-4C23-9347-1C301A0FF752}.Debug|x64.ActiveCfg = Debug|x64
		{5EBC1CA4-962D-4C23-9347-1C301A0FF752}.Debug|x64.Build.0 = Debug|x64
		{5EBC1CA4-962D-4C23-9347-1C301A0FF752}.Debug|x86.ActiveCfg = Debug|Win32
		{5EBC1CA4-962D-4C23-9347-1C301A0FF752}.Debug|x86.Build.0 = Debug|Win32
		{5EBC1CA4-962D-4C23-9347-1C301A0FF752}.Release|x64.ActiveCfg = Release|x64
		{5EBC1CA4-962D-4C23-9347-1C301A0FF752}.Release|x64.Build.0 = Release|x64
		{5EBC1CA4-962D-4C23-9347-1C301A0FF752}.Release|x86.ActiveCfg = Release|Win32
		{5EBC1CA4-962D-4C23-9347-1C301A0FF752}.Release|x86.Build.0 = Release|Win32
	EndGlobalSection
	GlobalSection(SolutionProperties) = preSolution
		HideSolutionNode = FALSE
	EndGlobalSection
	GlobalSection(ExtensibilityGlobals) = postSolution
		SolutionGuid = {A1E6B49E-5291-4AC5-BE1F-46164067C370}
	EndGlobalSection
EndGlobal
