
Microsoft Visual Studio Solution File, Format Version 12.00
# Visual Studio Version 16
VisualStudioVersion = 16.0.30611.23
MinimumVisualStudioVersion = 10.0.40219.1
Project("{8BC9CEB8-8B4A-11D0-8D11-00A0C91BC942}") = "4-5", "4-5\4-5.vcxproj", "{EA4B4AAD-72CB-456C-BA69-E10053EDDC9B}"
EndProject
Global
	GlobalSection(SolutionConfigurationPlatforms) = preSolution
		Debug|x64 = Debug|x64
		Debug|x86 = Debug|x86
		Release|x64 = Release|x64
		Release|x86 = Release|x86
	EndGlobalSection
	GlobalSection(ProjectConfigurationPlatforms) = postSolution
		{EA4B4AAD-72CB-456C-BA69-E10053EDDC9B}.Debug|x64.ActiveCfg = Debug|x64
		{EA4B4AAD-72CB-456C-BA69-E10053EDDC9B}.Debug|x64.Build.0 = Debug|x64
		{EA4B4AAD-72CB-456C-BA69-E10053EDDC9B}.Debug|x86.ActiveCfg = Debug|Win32
		{EA4B4AAD-72CB-456C-BA69-E10053EDDC9B}.Debug|x86.Build.0 = Debug|Win32
		{EA4B4AAD-72CB-456C-BA69-E10053EDDC9B}.Release|x64.ActiveCfg = Release|x64
		{EA4B4AAD-72CB-456C-BA69-E10053EDDC9B}.Release|x64.Build.0 = Release|x64
		{EA4B4AAD-72CB-456C-BA69-E10053EDDC9B}.Release|x86.ActiveCfg = Release|Win32
		{EA4B4AAD-72CB-456C-BA69-E10053EDDC9B}.Release|x86.Build.0 = Release|Win32
	EndGlobalSection
	GlobalSection(SolutionProperties) = preSolution
		HideSolutionNode = FALSE
	EndGlobalSection
	GlobalSection(ExtensibilityGlobals) = postSolution
		SolutionGuid = {713E3BFD-6DBE-4AE6-A334-7D6632A2068A}
	EndGlobalSection
EndGlobal
