
Microsoft Visual Studio Solution File, Format Version 12.00
# Visual Studio Version 16
VisualStudioVersion = 16.0.30804.86
MinimumVisualStudioVersion = 10.0.40219.1
Project("{8BC9CEB8-8B4A-11D0-8D11-00A0C91BC942}") = "10-5", "10-5\10-5.vcxproj", "{940D0703-39F7-4B13-A0CB-1960347B7B18}"
EndProject
Global
	GlobalSection(SolutionConfigurationPlatforms) = preSolution
		Debug|x64 = Debug|x64
		Debug|x86 = Debug|x86
		Release|x64 = Release|x64
		Release|x86 = Release|x86
	EndGlobalSection
	GlobalSection(ProjectConfigurationPlatforms) = postSolution
		{940D0703-39F7-4B13-A0CB-1960347B7B18}.Debug|x64.ActiveCfg = Debug|x64
		{940D0703-39F7-4B13-A0CB-1960347B7B18}.Debug|x64.Build.0 = Debug|x64
		{940D0703-39F7-4B13-A0CB-1960347B7B18}.Debug|x86.ActiveCfg = Debug|Win32
		{940D0703-39F7-4B13-A0CB-1960347B7B18}.Debug|x86.Build.0 = Debug|Win32
		{940D0703-39F7-4B13-A0CB-1960347B7B18}.Release|x64.ActiveCfg = Release|x64
		{940D0703-39F7-4B13-A0CB-1960347B7B18}.Release|x64.Build.0 = Release|x64
		{940D0703-39F7-4B13-A0CB-1960347B7B18}.Release|x86.ActiveCfg = Release|Win32
		{940D0703-39F7-4B13-A0CB-1960347B7B18}.Release|x86.Build.0 = Release|Win32
	EndGlobalSection
	GlobalSection(SolutionProperties) = preSolution
		HideSolutionNode = FALSE
	EndGlobalSection
	GlobalSection(ExtensibilityGlobals) = postSolution
		SolutionGuid = {7694314B-B2BA-4DA4-A890-C35992759192}
	EndGlobalSection
EndGlobal
