
Microsoft Visual Studio Solution File, Format Version 12.00
# Visual Studio Version 16
VisualStudioVersion = 16.0.30804.86
MinimumVisualStudioVersion = 10.0.40219.1
Project("{8BC9CEB8-8B4A-11D0-8D11-00A0C91BC942}") = "9-18", "9-18\9-18.vcxproj", "{A760FAFD-DF31-49DD-B83E-587BF6594ED4}"
EndProject
Global
	GlobalSection(SolutionConfigurationPlatforms) = preSolution
		Debug|x64 = Debug|x64
		Debug|x86 = Debug|x86
		Release|x64 = Release|x64
		Release|x86 = Release|x86
	EndGlobalSection
	GlobalSection(ProjectConfigurationPlatforms) = postSolution
		{A760FAFD-DF31-49DD-B83E-587BF6594ED4}.Debug|x64.ActiveCfg = Debug|x64
		{A760FAFD-DF31-49DD-B83E-587BF6594ED4}.Debug|x64.Build.0 = Debug|x64
		{A760FAFD-DF31-49DD-B83E-587BF6594ED4}.Debug|x86.ActiveCfg = Debug|Win32
		{A760FAFD-DF31-49DD-B83E-587BF6594ED4}.Debug|x86.Build.0 = Debug|Win32
		{A760FAFD-DF31-49DD-B83E-587BF6594ED4}.Release|x64.ActiveCfg = Release|x64
		{A760FAFD-DF31-49DD-B83E-587BF6594ED4}.Release|x64.Build.0 = Release|x64
		{A760FAFD-DF31-49DD-B83E-587BF6594ED4}.Release|x86.ActiveCfg = Release|Win32
		{A760FAFD-DF31-49DD-B83E-587BF6594ED4}.Release|x86.Build.0 = Release|Win32
	EndGlobalSection
	GlobalSection(SolutionProperties) = preSolution
		HideSolutionNode = FALSE
	EndGlobalSection
	GlobalSection(ExtensibilityGlobals) = postSolution
		SolutionGuid = {D2DB6BBE-5B3F-498D-B2EF-AE99EC0E6250}
	EndGlobalSection
EndGlobal
