
Microsoft Visual Studio Solution File, Format Version 12.00
# Visual Studio Version 16
VisualStudioVersion = 16.0.30804.86
MinimumVisualStudioVersion = 10.0.40219.1
Project("{8BC9CEB8-8B4A-11D0-8D11-00A0C91BC942}") = "12-5", "12-5\12-5.vcxproj", "{0979884E-4761-4154-A215-7FDF5CE8BE13}"
EndProject
Global
	GlobalSection(SolutionConfigurationPlatforms) = preSolution
		Debug|x64 = Debug|x64
		Debug|x86 = Debug|x86
		Release|x64 = Release|x64
		Release|x86 = Release|x86
	EndGlobalSection
	GlobalSection(ProjectConfigurationPlatforms) = postSolution
		{0979884E-4761-4154-A215-7FDF5CE8BE13}.Debug|x64.ActiveCfg = Debug|x64
		{0979884E-4761-4154-A215-7FDF5CE8BE13}.Debug|x64.Build.0 = Debug|x64
		{0979884E-4761-4154-A215-7FDF5CE8BE13}.Debug|x86.ActiveCfg = Debug|Win32
		{0979884E-4761-4154-A215-7FDF5CE8BE13}.Debug|x86.Build.0 = Debug|Win32
		{0979884E-4761-4154-A215-7FDF5CE8BE13}.Release|x64.ActiveCfg = Release|x64
		{0979884E-4761-4154-A215-7FDF5CE8BE13}.Release|x64.Build.0 = Release|x64
		{0979884E-4761-4154-A215-7FDF5CE8BE13}.Release|x86.ActiveCfg = Release|Win32
		{0979884E-4761-4154-A215-7FDF5CE8BE13}.Release|x86.Build.0 = Release|Win32
	EndGlobalSection
	GlobalSection(SolutionProperties) = preSolution
		HideSolutionNode = FALSE
	EndGlobalSection
	GlobalSection(ExtensibilityGlobals) = postSolution
		SolutionGuid = {82B86A5C-1A9E-4D93-B10D-3A23F1E02158}
	EndGlobalSection
EndGlobal
