
Microsoft Visual Studio Solution File, Format Version 12.00
# Visual Studio Version 16
VisualStudioVersion = 16.0.30804.86
MinimumVisualStudioVersion = 10.0.40219.1
Project("{8BC9CEB8-8B4A-11D0-8D11-00A0C91BC942}") = "14-26", "14-26\14-26.vcxproj", "{8678A701-41D8-4074-88A2-E4BDE0A349B4}"
EndProject
Global
	GlobalSection(SolutionConfigurationPlatforms) = preSolution
		Debug|x64 = Debug|x64
		Debug|x86 = Debug|x86
		Release|x64 = Release|x64
		Release|x86 = Release|x86
	EndGlobalSection
	GlobalSection(ProjectConfigurationPlatforms) = postSolution
		{8678A701-41D8-4074-88A2-E4BDE0A349B4}.Debug|x64.ActiveCfg = Debug|x64
		{8678A701-41D8-4074-88A2-E4BDE0A349B4}.Debug|x64.Build.0 = Debug|x64
		{8678A701-41D8-4074-88A2-E4BDE0A349B4}.Debug|x86.ActiveCfg = Debug|Win32
		{8678A701-41D8-4074-88A2-E4BDE0A349B4}.Debug|x86.Build.0 = Debug|Win32
		{8678A701-41D8-4074-88A2-E4BDE0A349B4}.Release|x64.ActiveCfg = Release|x64
		{8678A701-41D8-4074-88A2-E4BDE0A349B4}.Release|x64.Build.0 = Release|x64
		{8678A701-41D8-4074-88A2-E4BDE0A349B4}.Release|x86.ActiveCfg = Release|Win32
		{8678A701-41D8-4074-88A2-E4BDE0A349B4}.Release|x86.Build.0 = Release|Win32
	EndGlobalSection
	GlobalSection(SolutionProperties) = preSolution
		HideSolutionNode = FALSE
	EndGlobalSection
	GlobalSection(ExtensibilityGlobals) = postSolution
		SolutionGuid = {2B5E74D6-1FA5-47B2-B81C-C6E045E1844B}
	EndGlobalSection
EndGlobal
