
Microsoft Visual Studio Solution File, Format Version 12.00
# Visual Studio Version 16
VisualStudioVersion = 16.0.30804.86
MinimumVisualStudioVersion = 10.0.40219.1
Project("{8BC9CEB8-8B4A-11D0-8D11-00A0C91BC942}") = "10-2", "10-2\10-2.vcxproj", "{D468C21C-B9C7-4D5C-9402-FA354DAB0711}"
EndProject
Global
	GlobalSection(SolutionConfigurationPlatforms) = preSolution
		Debug|x64 = Debug|x64
		Debug|x86 = Debug|x86
		Release|x64 = Release|x64
		Release|x86 = Release|x86
	EndGlobalSection
	GlobalSection(ProjectConfigurationPlatforms) = postSolution
		{D468C21C-B9C7-4D5C-9402-FA354DAB0711}.Debug|x64.ActiveCfg = Debug|x64
		{D468C21C-B9C7-4D5C-9402-FA354DAB0711}.Debug|x64.Build.0 = Debug|x64
		{D468C21C-B9C7-4D5C-9402-FA354DAB0711}.Debug|x86.ActiveCfg = Debug|Win32
		{D468C21C-B9C7-4D5C-9402-FA354DAB0711}.Debug|x86.Build.0 = Debug|Win32
		{D468C21C-B9C7-4D5C-9402-FA354DAB0711}.Release|x64.ActiveCfg = Release|x64
		{D468C21C-B9C7-4D5C-9402-FA354DAB0711}.Release|x64.Build.0 = Release|x64
		{D468C21C-B9C7-4D5C-9402-FA354DAB0711}.Release|x86.ActiveCfg = Release|Win32
		{D468C21C-B9C7-4D5C-9402-FA354DAB0711}.Release|x86.Build.0 = Release|Win32
	EndGlobalSection
	GlobalSection(SolutionProperties) = preSolution
		HideSolutionNode = FALSE
	EndGlobalSection
	GlobalSection(ExtensibilityGlobals) = postSolution
		SolutionGuid = {12437D12-B061-4DCF-955E-2E40FA6D29A8}
	EndGlobalSection
EndGlobal
