
Microsoft Visual Studio Solution File, Format Version 12.00
# Visual Studio Version 16
VisualStudioVersion = 16.0.30804.86
MinimumVisualStudioVersion = 10.0.40219.1
Project("{8BC9CEB8-8B4A-11D0-8D11-00A0C91BC942}") = "14-22", "14-22\14-22.vcxproj", "{928160B3-F5E1-47C2-A1F9-21B24721C312}"
EndProject
Global
	GlobalSection(SolutionConfigurationPlatforms) = preSolution
		Debug|x64 = Debug|x64
		Debug|x86 = Debug|x86
		Release|x64 = Release|x64
		Release|x86 = Release|x86
	EndGlobalSection
	GlobalSection(ProjectConfigurationPlatforms) = postSolution
		{928160B3-F5E1-47C2-A1F9-21B24721C312}.Debug|x64.ActiveCfg = Debug|x64
		{928160B3-F5E1-47C2-A1F9-21B24721C312}.Debug|x64.Build.0 = Debug|x64
		{928160B3-F5E1-47C2-A1F9-21B24721C312}.Debug|x86.ActiveCfg = Debug|Win32
		{928160B3-F5E1-47C2-A1F9-21B24721C312}.Debug|x86.Build.0 = Debug|Win32
		{928160B3-F5E1-47C2-A1F9-21B24721C312}.Release|x64.ActiveCfg = Release|x64
		{928160B3-F5E1-47C2-A1F9-21B24721C312}.Release|x64.Build.0 = Release|x64
		{928160B3-F5E1-47C2-A1F9-21B24721C312}.Release|x86.ActiveCfg = Release|Win32
		{928160B3-F5E1-47C2-A1F9-21B24721C312}.Release|x86.Build.0 = Release|Win32
	EndGlobalSection
	GlobalSection(SolutionProperties) = preSolution
		HideSolutionNode = FALSE
	EndGlobalSection
	GlobalSection(ExtensibilityGlobals) = postSolution
		SolutionGuid = {84A9318F-29E3-4885-85E7-E405520BA686}
	EndGlobalSection
EndGlobal
